
Microsoft Visual Studio Solution File, Format Version 12.00
# Visual Studio Version 16
VisualStudioVersion = 16.0.30503.244
MinimumVisualStudioVersion = 10.0.40219.1
Project("{FAE04EC0-301F-11D3-BF4B-00C04F79EFBC}") = "DemoSQL201005", "DemoSQL201005\DemoSQL201005.csproj", "{EFF509FF-74F6-4D48-88D8-C515B7EAAB63}"
EndProject
Global
	GlobalSection(SolutionConfigurationPlatforms) = preSolution
		Debug|Any CPU = Debug|Any CPU
		Release|Any CPU = Release|Any CPU
	EndGlobalSection
	GlobalSection(ProjectConfigurationPlatforms) = postSolution
		{EFF509FF-74F6-4D48-88D8-C515B7EAAB63}.Debug|Any CPU.ActiveCfg = Debug|Any CPU
		{EFF509FF-74F6-4D48-88D8-C515B7EAAB63}.Debug|Any CPU.Build.0 = Debug|Any CPU
		{EFF509FF-74F6-4D48-88D8-C515B7EAAB63}.Release|Any CPU.ActiveCfg = Release|Any CPU
		{EFF509FF-74F6-4D48-88D8-C515B7EAAB63}.Release|Any CPU.Build.0 = Release|Any CPU
	EndGlobalSection
	GlobalSection(SolutionProperties) = preSolution
		HideSolutionNode = FALSE
	EndGlobalSection
	GlobalSection(ExtensibilityGlobals) = postSolution
		SolutionGuid = {C95DF95E-7213-4191-BFF1-9EB757B1EEC9}
	EndGlobalSection
EndGlobal
